
Microsoft Visual Studio Solution File, Format Version 12.00
# Visual Studio Version 17
VisualStudioVersion = 17.13.35919.96 d17.13
MinimumVisualStudioVersion = 10.0.40219.1
Project("{FAE04EC0-301F-11D3-BF4B-00C04F79EFBC}") = "ASPSEC2", "ASPSEC2\ASPSEC2.csproj", "{DADF2DAD-86A9-4889-8CB6-255444A6E8EB}"
EndProject
Global
	GlobalSection(SolutionConfigurationPlatforms) = preSolution
		Debug|Any CPU = Debug|Any CPU
		Release|Any CPU = Release|Any CPU
	EndGlobalSection
	GlobalSection(ProjectConfigurationPlatforms) = postSolution
		{DADF2DAD-86A9-4889-8CB6-255444A6E8EB}.Debug|Any CPU.ActiveCfg = Debug|Any CPU
		{DADF2DAD-86A9-4889-8CB6-255444A6E8EB}.Debug|Any CPU.Build.0 = Debug|Any CPU
		{DADF2DAD-86A9-4889-8CB6-255444A6E8EB}.Release|Any CPU.ActiveCfg = Release|Any CPU
		{DADF2DAD-86A9-4889-8CB6-255444A6E8EB}.Release|Any CPU.Build.0 = Release|Any CPU
	EndGlobalSection
	GlobalSection(SolutionProperties) = preSolution
		HideSolutionNode = FALSE
	EndGlobalSection
	GlobalSection(ExtensibilityGlobals) = postSolution
		SolutionGuid = {8C68928C-2A4A-4F94-872D-B1209F8C910F}
	EndGlobalSection
EndGlobal
